
Microsoft Visual Studio Solution File, Format Version 12.00
# Visual Studio 15
Project("{FAE04EC0-301F-11D3-BF4B-00C04F79EFBC}") = "Phonebook.Droid", "Droid\Phonebook.Droid.csproj", "{EDB88F39-2CE6-4DB6-904D-91A8199E344B}"
EndProject
Project("{FAE04EC0-301F-11D3-BF4B-00C04F79EFBC}") = "Phonebook.iOS", "iOS\Phonebook.iOS.csproj", "{D1D56366-8E83-471C-B9E0-18310302DFCA}"
EndProject
Project("{FAE04EC0-301F-11D3-BF4B-00C04F79EFBC}") = "Phonebook.Core", "Core\Phonebook.Core.csproj", "{ED50141E-A3AB-44B6-B4CB-79D52063E234}"
EndProject
Project("{FAE04EC0-301F-11D3-BF4B-00C04F79EFBC}") = "Phonebook.API", "API\Phonebook.API.csproj", "{8E71322E-EC7F-4167-A34C-414F83FE22BC}"
EndProject
Global
	GlobalSection(SolutionConfigurationPlatforms) = preSolution
		Debug|Any CPU = Debug|Any CPU
		Release|Any CPU = Release|Any CPU
		Debug|iPhoneSimulator = Debug|iPhoneSimulator
		Release|iPhone = Release|iPhone
		Release|iPhoneSimulator = Release|iPhoneSimulator
		Debug|iPhone = Debug|iPhone
	EndGlobalSection
	GlobalSection(ProjectConfigurationPlatforms) = postSolution
		{EDB88F39-2CE6-4DB6-904D-91A8199E344B}.Debug|Any CPU.ActiveCfg = Debug|Any CPU
		{EDB88F39-2CE6-4DB6-904D-91A8199E344B}.Debug|Any CPU.Build.0 = Debug|Any CPU
		{EDB88F39-2CE6-4DB6-904D-91A8199E344B}.Release|Any CPU.ActiveCfg = Release|Any CPU
		{EDB88F39-2CE6-4DB6-904D-91A8199E344B}.Release|Any CPU.Build.0 = Release|Any CPU
		{EDB88F39-2CE6-4DB6-904D-91A8199E344B}.Debug|iPhoneSimulator.ActiveCfg = Debug|Any CPU
		{EDB88F39-2CE6-4DB6-904D-91A8199E344B}.Release|iPhone.ActiveCfg = Release|Any CPU
		{EDB88F39-2CE6-4DB6-904D-91A8199E344B}.Release|iPhoneSimulator.ActiveCfg = Release|Any CPU
		{EDB88F39-2CE6-4DB6-904D-91A8199E344B}.Debug|iPhone.ActiveCfg = Debug|Any CPU
		{D1D56366-8E83-471C-B9E0-18310302DFCA}.Debug|Any CPU.ActiveCfg = Debug|iPhoneSimulator
		{D1D56366-8E83-471C-B9E0-18310302DFCA}.Release|Any CPU.ActiveCfg = Release|iPhone
		{D1D56366-8E83-471C-B9E0-18310302DFCA}.Debug|iPhoneSimulator.ActiveCfg = Debug|iPhoneSimulator
		{D1D56366-8E83-471C-B9E0-18310302DFCA}.Release|iPhone.ActiveCfg = Release|iPhone
		{D1D56366-8E83-471C-B9E0-18310302DFCA}.Release|iPhoneSimulator.ActiveCfg = Release|iPhoneSimulator
		{D1D56366-8E83-471C-B9E0-18310302DFCA}.Debug|iPhone.ActiveCfg = Debug|iPhone
		{D1D56366-8E83-471C-B9E0-18310302DFCA}.Debug|iPhoneSimulator.Build.0 = Debug|iPhoneSimulator
		{D1D56366-8E83-471C-B9E0-18310302DFCA}.Release|iPhone.Build.0 = Release|iPhone
		{D1D56366-8E83-471C-B9E0-18310302DFCA}.Release|iPhoneSimulator.Build.0 = Release|iPhoneSimulator
		{D1D56366-8E83-471C-B9E0-18310302DFCA}.Debug|iPhone.Build.0 = Debug|iPhone
		{ED50141E-A3AB-44B6-B4CB-79D52063E234}.Debug|Any CPU.ActiveCfg = Debug|Any CPU
		{ED50141E-A3AB-44B6-B4CB-79D52063E234}.Debug|Any CPU.Build.0 = Debug|Any CPU
		{ED50141E-A3AB-44B6-B4CB-79D52063E234}.Release|Any CPU.ActiveCfg = Release|Any CPU
		{ED50141E-A3AB-44B6-B4CB-79D52063E234}.Release|Any CPU.Build.0 = Release|Any CPU
		{ED50141E-A3AB-44B6-B4CB-79D52063E234}.Debug|iPhoneSimulator.ActiveCfg = Debug|Any CPU
		{ED50141E-A3AB-44B6-B4CB-79D52063E234}.Debug|iPhoneSimulator.Build.0 = Debug|Any CPU
		{ED50141E-A3AB-44B6-B4CB-79D52063E234}.Release|iPhone.ActiveCfg = Release|Any CPU
		{ED50141E-A3AB-44B6-B4CB-79D52063E234}.Release|iPhone.Build.0 = Release|Any CPU
		{ED50141E-A3AB-44B6-B4CB-79D52063E234}.Release|iPhoneSimulator.ActiveCfg = Release|Any CPU
		{ED50141E-A3AB-44B6-B4CB-79D52063E234}.Release|iPhoneSimulator.Build.0 = Release|Any CPU
		{ED50141E-A3AB-44B6-B4CB-79D52063E234}.Debug|iPhone.ActiveCfg = Debug|Any CPU
		{ED50141E-A3AB-44B6-B4CB-79D52063E234}.Debug|iPhone.Build.0 = Debug|Any CPU
		{8E71322E-EC7F-4167-A34C-414F83FE22BC}.Debug|Any CPU.ActiveCfg = Debug|Any CPU
		{8E71322E-EC7F-4167-A34C-414F83FE22BC}.Debug|Any CPU.Build.0 = Debug|Any CPU
		{8E71322E-EC7F-4167-A34C-414F83FE22BC}.Release|Any CPU.ActiveCfg = Release|Any CPU
		{8E71322E-EC7F-4167-A34C-414F83FE22BC}.Release|Any CPU.Build.0 = Release|Any CPU
		{8E71322E-EC7F-4167-A34C-414F83FE22BC}.Debug|iPhoneSimulator.ActiveCfg = Debug|Any CPU
		{8E71322E-EC7F-4167-A34C-414F83FE22BC}.Debug|iPhoneSimulator.Build.0 = Debug|Any CPU
		{8E71322E-EC7F-4167-A34C-414F83FE22BC}.Release|iPhone.ActiveCfg = Release|Any CPU
		{8E71322E-EC7F-4167-A34C-414F83FE22BC}.Release|iPhone.Build.0 = Release|Any CPU
		{8E71322E-EC7F-4167-A34C-414F83FE22BC}.Release|iPhoneSimulator.ActiveCfg = Release|Any CPU
		{8E71322E-EC7F-4167-A34C-414F83FE22BC}.Release|iPhoneSimulator.Build.0 = Release|Any CPU
		{8E71322E-EC7F-4167-A34C-414F83FE22BC}.Debug|iPhone.ActiveCfg = Debug|Any CPU
		{8E71322E-EC7F-4167-A34C-414F83FE22BC}.Debug|iPhone.Build.0 = Debug|Any CPU
	EndGlobalSection
EndGlobal
